
Microsoft Visual Studio Solution File, Format Version 12.00
# Visual Studio Version 16
VisualStudioVersion = 16.0.29418.71
MinimumVisualStudioVersion = 10.0.40219.1
Project("{9A19103F-16F7-4668-BE54-9A1E7A4F7556}") = "[DAO KHAI MINH_5951071058]", "[5951071058_DAO KHAI MINH]\[DAO KHAI MINH_5951071058].csproj", "{92D43745-4B39-4194-91CA-55FA80ED3453}"
EndProject
Global
	GlobalSection(SolutionConfigurationPlatforms) = preSolution
		Debug|Any CPU = Debug|Any CPU
		Release|Any CPU = Release|Any CPU
	EndGlobalSection
	GlobalSection(ProjectConfigurationPlatforms) = postSolution
		{92D43745-4B39-4194-91CA-55FA80ED3453}.Debug|Any CPU.ActiveCfg = Debug|Any CPU
		{92D43745-4B39-4194-91CA-55FA80ED3453}.Debug|Any CPU.Build.0 = Debug|Any CPU
		{92D43745-4B39-4194-91CA-55FA80ED3453}.Release|Any CPU.ActiveCfg = Release|Any CPU
		{92D43745-4B39-4194-91CA-55FA80ED3453}.Release|Any CPU.Build.0 = Release|Any CPU
	EndGlobalSection
	GlobalSection(SolutionProperties) = preSolution
		HideSolutionNode = FALSE
	EndGlobalSection
	GlobalSection(ExtensibilityGlobals) = postSolution
		SolutionGuid = {9E646821-E299-425E-95FD-E7B87221F02E}
	EndGlobalSection
EndGlobal
